
Microsoft Visual Studio Solution File, Format Version 12.00
# Visual Studio 15
Project("{FAE04EC0-301F-11D3-BF4B-00C04F79EFBC}") = "Assembly-CSharp", "Assembly-CSharp.csproj", "{B7FE1318-BF7A-7461-DC48-A6BB3D97F545}"
EndProject
Project("{FAE04EC0-301F-11D3-BF4B-00C04F79EFBC}") = "Assembly-CSharp-firstpass", "Assembly-CSharp-firstpass.csproj", "{2F2E66EC-16D7-CB6B-00C3-AA38E3CEAFA3}"
EndProject
Global
	GlobalSection(SolutionConfigurationPlatforms) = preSolution
		Debug|Any CPU = Debug|Any CPU
		Release|Any CPU = Release|Any CPU
	EndGlobalSection
	GlobalSection(ProjectConfigurationPlatforms) = postSolution
		{B7FE1318-BF7A-7461-DC48-A6BB3D97F545}.Debug|Any CPU.ActiveCfg = Debug|Any CPU
		{B7FE1318-BF7A-7461-DC48-A6BB3D97F545}.Debug|Any CPU.Build.0 = Debug|Any CPU
		{B7FE1318-BF7A-7461-DC48-A6BB3D97F545}.Release|Any CPU.ActiveCfg = Release|Any CPU
		{B7FE1318-BF7A-7461-DC48-A6BB3D97F545}.Release|Any CPU.Build.0 = Release|Any CPU
		{2F2E66EC-16D7-CB6B-00C3-AA38E3CEAFA3}.Debug|Any CPU.ActiveCfg = Debug|Any CPU
		{2F2E66EC-16D7-CB6B-00C3-AA38E3CEAFA3}.Debug|Any CPU.Build.0 = Debug|Any CPU
		{2F2E66EC-16D7-CB6B-00C3-AA38E3CEAFA3}.Release|Any CPU.ActiveCfg = Release|Any CPU
		{2F2E66EC-16D7-CB6B-00C3-AA38E3CEAFA3}.Release|Any CPU.Build.0 = Release|Any CPU
	EndGlobalSection
	GlobalSection(SolutionProperties) = preSolution
		HideSolutionNode = FALSE
	EndGlobalSection
EndGlobal
